{
  "nodes": {
    "nixpkgs": {
      "locked": {
        "lastModified": 1715499532,
        "narHash": "sha256-9UJLb8rdi2VokYcfOBQHUzP3iNxOPNWcbK++ENElpk0=",
        "owner": "nixos",
        "repo": "nixpkgs",
        "rev": "af8b9db5c00f1a8e4b83578acc578ff7d823b786",
        "type": "github"
      },
      "original": {
        "owner": "nixos",
        "ref": "nixpkgs-unstable",
        "repo": "nixpkgs",
        "type": "github"
      }
    },
    "root": {
      "inputs": {
        "nixpkgs": "nixpkgs",
        "systems": "systems"
      }
    },
    "systems": {
      "locked": {
        "lastModified": 1689347949,
        "narHash": "sha256-12tWmuL2zgBgZkdoB6qXZsgJEH9LR3oUgpaQq2RbI80=",
        "owner": "nix-systems",
        "repo": "default-linux",
        "rev": "31732fcf5e8fea42e59c2488ad31a0e651500f68",
        "type": "github"
      },
      "original": {
        "owner": "nix-systems",
        "repo": "default-linux",
        "type": "github"
      }
    }
  },
  "root": "root",
  "version": 7
}
